// !$*UTF8*$!
{
	archiveVersion = 1;
	classes = {
	};
	objectVersion = 48;
	objects = {

/* Begin PBXBuildFile section */
		BFD08290217C1E82008BD0EB /* AppDelegate.swift in Sources */ = {isa = PBXBuildFile; fileRef = BFD0828F217C1E82008BD0EB /* AppDelegate.swift */; };
		BFD08292217C1E82008BD0EB /* ViewController.swift in Sources */ = {isa = PBXBuildFile; fileRef = BFD08291217C1E82008BD0EB /* ViewController.swift */; };
		BFD08295217C1E82008BD0EB /* Main.storyboard in Resources */ = {isa = PBXBuildFile; fileRef = BFD08293217C1E82008BD0EB /* Main.storyboard */; };
		BFD08298217C1E82008BD0EB /* PortalBerita.xcdatamodeld in Sources */ = {isa = PBXBuildFile; fileRef = BFD08296217C1E82008BD0EB /* PortalBerita.xcdatamodeld */; };
		BFD0829A217C1E82008BD0EB /* Assets.xcassets in Resources */ = {isa = PBXBuildFile; fileRef = BFD08299217C1E82008BD0EB /* Assets.xcassets */; };
		BFD0829D217C1E82008BD0EB /* LaunchScreen.storyboard in Resources */ = {isa = PBXBuildFile; fileRef = BFD0829B217C1E82008BD0EB /* LaunchScreen.storyboard */; };
/* End PBXBuildFile section */

/* Begin PBXFileReference section */
		BFD0828C217C1E82008BD0EB /* PortalBerita.app */ = {isa = PBXFileReference; explicitFileType = wrapper.application; includeInIndex = 0; path = PortalBerita.app; sourceTree = BUILT_PRODUCTS_DIR; };
		BFD0828F217C1E82008BD0EB /* AppDelegate.swift */ = {isa = PBXFileReference; lastKnownFileType = sourcecode.swift; path = AppDelegate.swift; sourceTree = "<group>"; };
		BFD08291217C1E82008BD0EB /* ViewController.swift */ = {isa = PBXFileReference; lastKnownFileType = sourcecode.swift; path = ViewController.swift; sourceTree = "<group>"; };
		BFD08294217C1E82008BD0EB /* Base */ = {isa = PBXFileReference; lastKnownFileType = file.storyboard; name = Base; path = Base.lproj/Main.storyboard; sourceTree = "<group>"; };
		BFD08297217C1E82008BD0EB /* PortalBerita.xcdatamodel */ = {isa = PBXFileReference; lastKnownFileType = wrapper.xcdatamodel; path = PortalBerita.xcdatamodel; sourceTree = "<group>"; };
		BFD08299217C1E82008BD0EB /* Assets.xcassets */ = {isa = PBXFileReference; lastKnownFileType = folder.assetcatalog; path = Assets.xcassets; sourceTree = "<group>"; };
		BFD0829C217C1E82008BD0EB /* Base */ = {isa = PBXFileReference; lastKnownFileType = file.storyboard; name = Base; path = Base.lproj/LaunchScreen.storyboard; sourceTree = "<group>"; };
		BFD0829E217C1E82008BD0EB /* Info.plist */ = {isa = PBXFileReference; lastKnownFileType = text.plist.xml; path = Info.plist; sourceTree = "<group>"; };
/* End PBXFileReference section */

/* Begin PBXFrameworksBuildPhase section */
		BFD08289217C1E82008BD0EB /* Frameworks */ = {
			isa = PBXFrameworksBuildPhase;
			buildActionMask = 2147483647;
			files = (
			);
			runOnlyForDeploymentPostprocessing = 0;
		};
/* End PBXFrameworksBuildPhase section */

/* Begin PBXGroup section */
		BFD08283217C1E82008BD0EB = {
			isa = PBXGroup;
			children = (
				BFD0828E217C1E82008BD0EB /* PortalBerita */,
				BFD0828D217C1E82008BD0EB /* Products */,
			);
			sourceTree = "<group>";
		};
		BFD0828D217C1E82008BD0EB /* Products */ = {
			isa = PBXGroup;
			children = (
				BFD0828C217C1E82008BD0EB /* PortalBerita.app */,
			);
			name = Products;
			sourceTree = "<group>";
		};
		BFD0828E217C1E82008BD0EB /* PortalBerita */ = {
			isa = PBXGroup;
			children = (
				BFD0828F217C1E82008BD0EB /* AppDelegate.swift */,
				BFD08291217C1E82008BD0EB /* ViewController.swift */,
				BFD08293217C1E82008BD0EB /* Main.storyboard */,
				BFD08299217C1E82008BD0EB /* Assets.xcassets */,
				BFD0829B217C1E82008BD0EB /* LaunchScreen.storyboard */,
				BFD0829E217C1E82008BD0EB /* Info.plist */,
				BFD08296217C1E82008BD0EB /* PortalBerita.xcdatamodeld */,
			);
			path = PortalBerita;
			sourceTree = "<group>";
		};
/* End PBXGroup section */

/* Begin PBXNativeTarget section */
		BFD0828B217C1E82008BD0EB /* PortalBerita */ = {
			isa = PBXNativeTarget;
			buildConfigurationList = BFD082A1217C1E82008BD0EB /* Build configuration list for PBXNativeTarget "PortalBerita" */;
			buildPhases = (
				BFD08288217C1E82008BD0EB /* Sources */,
				BFD08289217C1E82008BD0EB /* Frameworks */,
				BFD0828A217C1E82008BD0EB /* Resources */,
			);
			buildRules = (
			);
			dependencies = (
			);
			name = PortalBerita;
			productName = PortalBerita;
			productReference = BFD0828C217C1E82008BD0EB /* PortalBerita.app */;
			productType = "com.apple.product-type.application";
		};
/* End PBXNativeTarget section */

/* Begin PBXProject section */
		BFD08284217C1E82008BD0EB /* Project object */ = {
			isa = PBXProject;
			attributes = {
				LastSwiftUpdateCheck = 0920;
				LastUpgradeCheck = 0920;
				ORGANIZATIONNAME = Syams.org;
				TargetAttributes = {
					BFD0828B217C1E82008BD0EB = {
						CreatedOnToolsVersion = 9.2;
						ProvisioningStyle = Automatic;
					};
				};
			};
			buildConfigurationList = BFD08287217C1E82008BD0EB /* Build configuration list for PBXProject "PortalBerita" */;
			compatibilityVersion = "Xcode 8.0";
			developmentRegion = en;
			hasScannedForEncodings = 0;
			knownRegions = (
				en,
				Base,
			);
			mainGroup = BFD08283217C1E82008BD0EB;
			productRefGroup = BFD0828D217C1E82008BD0EB /* Products */;
			projectDirPath = "";
			projectRoot = "";
			targets = (
				BFD0828B217C1E82008BD0EB /* PortalBerita */,
			);
		};
/* End PBXProject section */

/* Begin PBXResourcesBuildPhase section */
		BFD0828A217C1E82008BD0EB /* Resources */ = {
			isa = PBXResourcesBuildPhase;
			buildActionMask = 2147483647;
			files = (
				BFD0829D217C1E82008BD0EB /* LaunchScreen.storyboard in Resources */,
				BFD0829A217C1E82008BD0EB /* Assets.xcassets in Resources */,
				BFD08295217C1E82008BD0EB /* Main.storyboard in Resources */,
			);
			runOnlyForDeploymentPostprocessing = 0;
		};
/* End PBXResourcesBuildPhase section */

/* Begin PBXSourcesBuildPhase section */
		BFD08288217C1E82008BD0EB /* Sources */ = {
			isa = PBXSourcesBuildPhase;
			buildActionMask = 2147483647;
			files = (
				BFD08298217C1E82008BD0EB /* PortalBerita.xcdatamodeld in Sources */,
				BFD08292217C1E82008BD0EB /* ViewController.swift in Sources */,
				BFD08290217C1E82008BD0EB /* AppDelegate.swift in Sources */,
			);
			runOnlyForDeploymentPostprocessing = 0;
		};
/* End PBXSourcesBuildPhase section */

/* Begin PBXVariantGroup section */
		BFD08293217C1E82008BD0EB /* Main.storyboard */ = {
			isa = PBXVariantGroup;
			children = (
				BFD08294217C1E82008BD0EB /* Base */,
			);
			name = Main.storyboard;
			sourceTree = "<group>";
		};
		BFD0829B217C1E82008BD0EB /* LaunchScreen.storyboard */ = {
			isa = PBXVariantGroup;
			children = (
				BFD0829C217C1E82008BD0EB /* Base */,
			);
			name = LaunchScreen.storyboard;
			sourceTree = "<group>";
		};
/* End PBXVariantGroup section */

/* Begin XCBuildConfiguration section */
		BFD0829F217C1E82008BD0EB /* Debug */ = {
			isa = XCBuildConfiguration;
			buildSettings = {
				ALWAYS_SEARCH_USER_PATHS = NO;
				CLANG_ANALYZER_NONNULL = YES;
				CLANG_ANALYZER_NUMBER_OBJECT_CONVERSION = YES_AGGRESSIVE;
				CLANG_CXX_LANGUAGE_STANDARD = "gnu++14";
				CLANG_CXX_LIBRARY = "libc++";
				CLANG_ENABLE_MODULES = YES;
				CLANG_ENABLE_OBJC_ARC = YES;
				CLANG_WARN_BLOCK_CAPTURE_AUTORELEASING = YES;
				CLANG_WARN_BOOL_CONVERSION = YES;
				CLANG_WARN_COMMA = YES;
				CLANG_WARN_CONSTANT_CONVERSION = YES;
				CLANG_WARN_DIRECT_OBJC_ISA_USAGE = YES_ERROR;
				CLANG_WARN_DOCUMENTATION_COMMENTS = YES;
				CLANG_WARN_EMPTY_BODY = YES;
				CLANG_WARN_ENUM_CONVERSION = YES;
				CLANG_WARN_INFINITE_RECURSION = YES;
				CLANG_WARN_INT_CONVERSION = YES;
				CLANG_WARN_NON_LITERAL_NULL_CONVERSION = YES;
				CLANG_WARN_OBJC_LITERAL_CONVERSION = YES;
				CLANG_WARN_OBJC_ROOT_CLASS = YES_ERROR;
				CLANG_WARN_RANGE_LOOP_ANALYSIS = YES;
				CLANG_WARN_STRICT_PROTOTYPES = YES;
				CLANG_WARN_SUSPICIOUS_MOVE = YES;
				CLANG_WARN_UNGUARDED_AVAILABILITY = YES_AGGRESSIVE;
				CLANG_WARN_UNREACHABLE_CODE = YES;
				CLANG_WARN__DUPLICATE_METHOD_MATCH = YES;
				CODE_SIGN_IDENTITY = "iPhone Developer";
				COPY_PHASE_STRIP = NO;
				DEBUG_INFORMATION_FORMAT = dwarf;
				ENABLE_STRICT_OBJC_MSGSEND = YES;
				ENABLE_TESTABILITY = YES;
				GCC_C_LANGUAGE_STANDARD = gnu11;
				GCC_DYNAMIC_NO_PIC = NO;
				GCC_NO_COMMON_BLOCKS = YES;
				GCC_OPTIMIZATION_LEVEL = 0;
				GCC_PREPROCESSOR_DEFINITIONS = (
					"DEBUG=1",
					"$(inherited)",
				);
				GCC_WARN_64_TO_32_BIT_CONVERSION = YES;
				GCC_WARN_ABOUT_RETURN_TYPE = YES_ERROR;
				GCC_WARN_UNDECLARED_SELECTOR = YES;
				GCC_WARN_UNINITIALIZED_AUTOS = YES_AGGRESSIVE;
				GCC_WARN_UNUSED_FUNCTION = YES;
				GCC_WARN_UNUSED_VARIABLE = YES;
				IPHONEOS_DEPLOYMENT_TARGET = 11.2;
				MTL_ENABLE_DEBUG_INFO = YES;
				ONLY_ACTIVE_ARCH = YES;
				SDKROOT = iphoneos;
				SWIFT_ACTIVE_COMPILATION_CONDITIONS = DEBUG;
				SWIFT_OPTIMIZATION_LEVEL = "-Onone";
			};
			name = Debug;
		};
		BFD082A0217C1E82008BD0EB /* Release */ = {
			isa = XCBuildConfiguration;
			buildSettings = {
				ALWAYS_SEARCH_USER_PATHS = NO;
				CLANG_ANALYZER_NONNULL = YES;
				CLANG_ANALYZER_NUMBER_OBJECT_CONVERSION = YES_AGGRESSIVE;
				CLANG_CXX_LANGUAGE_STANDARD = "gnu++14";
				CLANG_CXX_LIBRARY = "libc++";
				CLANG_ENABLE_MODULES = YES;
				CLANG_ENABLE_OBJC_ARC = YES;
				CLANG_WARN_BLOCK_CAPTURE_AUTORELEASING = YES;
				CLANG_WARN_BOOL_CONVERSION = YES;
				CLANG_WARN_COMMA = YES;
				CLANG_WARN_CONSTANT_CONVERSION = YES;
				CLANG_WARN_DIRECT_OBJC_ISA_USAGE = YES_ERROR;
				CLANG_WARN_DOCUMENTATION_COMMENTS = YES;
				CLANG_WARN_EMPTY_BODY = YES;
				CLANG_WARN_ENUM_CONVERSION = YES;
				CLANG_WARN_INFINITE_RECURSION = YES;
				CLANG_WARN_INT_CONVERSION = YES;
				CLANG_WARN_NON_LITERAL_NULL_CONVERSION = YES;
				CLANG_WARN_OBJC_LITERAL_CONVERSION = YES;
				CLANG_WARN_OBJC_ROOT_CLASS = YES_ERROR;
				CLANG_WARN_RANGE_LOOP_ANALYSIS = YES;
				CLANG_WARN_STRICT_PROTOTYPES = YES;
				CLANG_WARN_SUSPICIOUS_MOVE = YES;
				CLANG_WARN_UNGUARDED_AVAILABILITY = YES_AGGRESSIVE;
				CLANG_WARN_UNREACHABLE_CODE = YES;
				CLANG_WARN__DUPLICATE_METHOD_MATCH = YES;
				CODE_SIGN_IDENTITY = "iPhone Developer";
				COPY_PHASE_STRIP = NO;
				DEBUG_INFORMATION_FORMAT = "dwarf-with-dsym";
				ENABLE_NS_ASSERTIONS = NO;
				ENABLE_STRICT_OBJC_MSGSEND = YES;
				GCC_C_LANGUAGE_STANDARD = gnu11;
				GCC_NO_COMMON_BLOCKS = YES;
				GCC_WARN_64_TO_32_BIT_CONVERSION = YES;
				GCC_WARN_ABOUT_RETURN_TYPE = YES_ERROR;
				GCC_WARN_UNDECLARED_SELECTOR = YES;
				GCC_WARN_UNINITIALIZED_AUTOS = YES_AGGRESSIVE;
				GCC_WARN_UNUSED_FUNCTION = YES;
				GCC_WARN_UNUSED_VARIABLE = YES;
				IPHONEOS_DEPLOYMENT_TARGET = 11.2;
				MTL_ENABLE_DEBUG_INFO = NO;
				SDKROOT = iphoneos;
				SWIFT_OPTIMIZATION_LEVEL = "-Owholemodule";
				VALIDATE_PRODUCT = YES;
			};
			name = Release;
		};
		BFD082A2217C1E82008BD0EB /* Debug */ = {
			isa = XCBuildConfiguration;
			buildSettings = {
				ASSETCATALOG_COMPILER_APPICON_NAME = AppIcon;
				CODE_SIGN_STYLE = Automatic;
				INFOPLIST_FILE = PortalBerita/Info.plist;
				LD_RUNPATH_SEARCH_PATHS = "$(inherited) @executable_path/Frameworks";
				PRODUCT_BUNDLE_IDENTIFIER = syamsorg.PortalBerita;
				PRODUCT_NAME = "$(TARGET_NAME)";
				SWIFT_VERSION = 4.0;
				TARGETED_DEVICE_FAMILY = "1,2";
			};
			name = Debug;
		};
		BFD082A3217C1E82008BD0EB /* Release */ = {
			isa = XCBuildConfiguration;
			buildSettings = {
				ASSETCATALOG_COMPILER_APPICON_NAME = AppIcon;
				CODE_SIGN_STYLE = Automatic;
				INFOPLIST_FILE = PortalBerita/Info.plist;
				LD_RUNPATH_SEARCH_PATHS = "$(inherited) @executable_path/Frameworks";
				PRODUCT_BUNDLE_IDENTIFIER = syamsorg.PortalBerita;
				PRODUCT_NAME = "$(TARGET_NAME)";
				SWIFT_VERSION = 4.0;
				TARGETED_DEVICE_FAMILY = "1,2";
			};
			name = Release;
		};
/* End XCBuildConfiguration section */

/* Begin XCConfigurationList section */
		BFD08287217C1E82008BD0EB /* Build configuration list for PBXProject "PortalBerita" */ = {
			isa = XCConfigurationList;
			buildConfigurations = (
				BFD0829F217C1E82008BD0EB /* Debug */,
				BFD082A0217C1E82008BD0EB /* Release */,
			);
			defaultConfigurationIsVisible = 0;
			defaultConfigurationName = Release;
		};
		BFD082A1217C1E82008BD0EB /* Build configuration list for PBXNativeTarget "PortalBerita" */ = {
			isa = XCConfigurationList;
			buildConfigurations = (
				BFD082A2217C1E82008BD0EB /* Debug */,
				BFD082A3217C1E82008BD0EB /* Release */,
			);
			defaultConfigurationIsVisible = 0;
			defaultConfigurationName = Release;
		};
/* End XCConfigurationList section */

/* Begin XCVersionGroup section */
		BFD08296217C1E82008BD0EB /* PortalBerita.xcdatamodeld */ = {
			isa = XCVersionGroup;
			children = (
				BFD08297217C1E82008BD0EB /* PortalBerita.xcdatamodel */,
			);
			currentVersion = BFD08297217C1E82008BD0EB /* PortalBerita.xcdatamodel */;
			path = PortalBerita.xcdatamodeld;
			sourceTree = "<group>";
			versionGroupType = wrapper.xcdatamodel;
		};
/* End XCVersionGroup section */
	};
	rootObject = BFD08284217C1E82008BD0EB /* Project object */;
}
